Microsoft Visual Studio Solution File, Format Version 12.00
# Visual Studio 15
Project("{8BC9CEB8-8B4A-11D0-8D11-00A0C91BC942}") = "ALL_BUILD", "ALL_BUILD.vcxproj", "{F1EA5727-79FF-3BE3-A74C-B5268AD58B7B}"
	ProjectSection(ProjectDependencies) = postProject
		{B100273C-BE48-3CA1-A2EE-4898D373E0D5} = {B100273C-BE48-3CA1-A2EE-4898D373E0D5}
		{80166381-D031-3BE0-B040-C89207150F72} = {80166381-D031-3BE0-B040-C89207150F72}
		{BADED9B7-8E6E-3023-87F1-44564DC10FF7} = {BADED9B7-8E6E-3023-87F1-44564DC10FF7}
		{73ABF676-8684-3476-B682-29B36E18AF80} = {73ABF676-8684-3476-B682-29B36E18AF80}
		{AC9D6B22-2ECE-3B7F-B118-B8ADB2DD5C97} = {AC9D6B22-2ECE-3B7F-B118-B8ADB2DD5C97}
	EndProjectSection
EndProject
Project("{8BC9CEB8-8B4A-11D0-8D11-00A0C91BC942}") = "ZERO_CHECK", "ZERO_CHECK.vcxproj", "{B100273C-BE48-3CA1-A2EE-4898D373E0D5}"
	ProjectSection(ProjectDependencies) = postProject
	EndProjectSection
EndProject
Project("{8BC9CEB8-8B4A-11D0-8D11-00A0C91BC942}") = "bin2c", "bin2c.vcxproj", "{80166381-D031-3BE0-B040-C89207150F72}"
	ProjectSection(ProjectDependencies) = postProject
		{B100273C-BE48-3CA1-A2EE-4898D373E0D5} = {B100273C-BE48-3CA1-A2EE-4898D373E0D5}
	EndProjectSection
EndProject
Project("{8BC9CEB8-8B4A-11D0-8D11-00A0C91BC942}") = "example1", "example1.vcxproj", "{BADED9B7-8E6E-3023-87F1-44564DC10FF7}"
	ProjectSection(ProjectDependencies) = postProject
		{B100273C-BE48-3CA1-A2EE-4898D373E0D5} = {B100273C-BE48-3CA1-A2EE-4898D373E0D5}
		{AC9D6B22-2ECE-3B7F-B118-B8ADB2DD5C97} = {AC9D6B22-2ECE-3B7F-B118-B8ADB2DD5C97}
	EndProjectSection
EndProject
Project("{8BC9CEB8-8B4A-11D0-8D11-00A0C91BC942}") = "example2", "example2.vcxproj", "{73ABF676-8684-3476-B682-29B36E18AF80}"
	ProjectSection(ProjectDependencies) = postProject
		{B100273C-BE48-3CA1-A2EE-4898D373E0D5} = {B100273C-BE48-3CA1-A2EE-4898D373E0D5}
		{AC9D6B22-2ECE-3B7F-B118-B8ADB2DD5C97} = {AC9D6B22-2ECE-3B7F-B118-B8ADB2DD5C97}
	EndProjectSection
EndProject
Project("{8BC9CEB8-8B4A-11D0-8D11-00A0C91BC942}") = "nanogui", "nanogui.vcxproj", "{AC9D6B22-2ECE-3B7F-B118-B8ADB2DD5C97}"
	ProjectSection(ProjectDependencies) = postProject
		{B100273C-BE48-3CA1-A2EE-4898D373E0D5} = {B100273C-BE48-3CA1-A2EE-4898D373E0D5}
		{80166381-D031-3BE0-B040-C89207150F72} = {80166381-D031-3BE0-B040-C89207150F72}
	EndProjectSection
EndProject
Global
	GlobalSection(SolutionConfigurationPlatforms) = preSolution
		Debug|Win32 = Debug|Win32
		Release|Win32 = Release|Win32
		MinSizeRel|Win32 = MinSizeRel|Win32
		RelWithDebInfo|Win32 = RelWithDebInfo|Win32
	EndGlobalSection
	GlobalSection(ProjectConfigurationPlatforms) = postSolution
		{F1EA5727-79FF-3BE3-A74C-B5268AD58B7B}.Debug|Win32.ActiveCfg = Debug|Win32
		{F1EA5727-79FF-3BE3-A74C-B5268AD58B7B}.Release|Win32.ActiveCfg = Release|Win32
		{F1EA5727-79FF-3BE3-A74C-B5268AD58B7B}.MinSizeRel|Win32.ActiveCfg = MinSizeRel|Win32
		{F1EA5727-79FF-3BE3-A74C-B5268AD58B7B}.RelWithDebInfo|Win32.ActiveCfg = RelWithDebInfo|Win32
		{B100273C-BE48-3CA1-A2EE-4898D373E0D5}.Debug|Win32.ActiveCfg = Debug|Win32
		{B100273C-BE48-3CA1-A2EE-4898D373E0D5}.Debug|Win32.Build.0 = Debug|Win32
		{B100273C-BE48-3CA1-A2EE-4898D373E0D5}.Release|Win32.ActiveCfg = Release|Win32
		{B100273C-BE48-3CA1-A2EE-4898D373E0D5}.Release|Win32.Build.0 = Release|Win32
		{B100273C-BE48-3CA1-A2EE-4898D373E0D5}.MinSizeRel|Win32.ActiveCfg = MinSizeRel|Win32
		{B100273C-BE48-3CA1-A2EE-4898D373E0D5}.MinSizeRel|Win32.Build.0 = MinSizeRel|Win32
		{B100273C-BE48-3CA1-A2EE-4898D373E0D5}.RelWithDebInfo|Win32.ActiveCfg = RelWithDebInfo|Win32
		{B100273C-BE48-3CA1-A2EE-4898D373E0D5}.RelWithDebInfo|Win32.Build.0 = RelWithDebInfo|Win32
		{80166381-D031-3BE0-B040-C89207150F72}.Debug|Win32.ActiveCfg = Debug|Win32
		{80166381-D031-3BE0-B040-C89207150F72}.Debug|Win32.Build.0 = Debug|Win32
		{80166381-D031-3BE0-B040-C89207150F72}.Release|Win32.ActiveCfg = Release|Win32
		{80166381-D031-3BE0-B040-C89207150F72}.Release|Win32.Build.0 = Release|Win32
		{80166381-D031-3BE0-B040-C89207150F72}.MinSizeRel|Win32.ActiveCfg = MinSizeRel|Win32
		{80166381-D031-3BE0-B040-C89207150F72}.MinSizeRel|Win32.Build.0 = MinSizeRel|Win32
		{80166381-D031-3BE0-B040-C89207150F72}.RelWithDebInfo|Win32.ActiveCfg = RelWithDebInfo|Win32
		{80166381-D031-3BE0-B040-C89207150F72}.RelWithDebInfo|Win32.Build.0 = RelWithDebInfo|Win32
		{BADED9B7-8E6E-3023-87F1-44564DC10FF7}.Debug|Win32.ActiveCfg = Debug|Win32
		{BADED9B7-8E6E-3023-87F1-44564DC10FF7}.Debug|Win32.Build.0 = Debug|Win32
		{BADED9B7-8E6E-3023-87F1-44564DC10FF7}.Release|Win32.ActiveCfg = Release|Win32
		{BADED9B7-8E6E-3023-87F1-44564DC10FF7}.Release|Win32.Build.0 = Release|Win32
		{BADED9B7-8E6E-3023-87F1-44564DC10FF7}.MinSizeRel|Win32.ActiveCfg = MinSizeRel|Win32
		{BADED9B7-8E6E-3023-87F1-44564DC10FF7}.MinSizeRel|Win32.Build.0 = MinSizeRel|Win32
		{BADED9B7-8E6E-3023-87F1-44564DC10FF7}.RelWithDebInfo|Win32.ActiveCfg = RelWithDebInfo|Win32
		{BADED9B7-8E6E-3023-87F1-44564DC10FF7}.RelWithDebInfo|Win32.Build.0 = RelWithDebInfo|Win32
		{73ABF676-8684-3476-B682-29B36E18AF80}.Debug|Win32.ActiveCfg = Debug|Win32
		{73ABF676-8684-3476-B682-29B36E18AF80}.Debug|Win32.Build.0 = Debug|Win32
		{73ABF676-8684-3476-B682-29B36E18AF80}.Release|Win32.ActiveCfg = Release|Win32
		{73ABF676-8684-3476-B682-29B36E18AF80}.Release|Win32.Build.0 = Release|Win32
		{73ABF676-8684-3476-B682-29B36E18AF80}.MinSizeRel|Win32.ActiveCfg = MinSizeRel|Win32
		{73ABF676-8684-3476-B682-29B36E18AF80}.MinSizeRel|Win32.Build.0 = MinSizeRel|Win32
		{73ABF676-8684-3476-B682-29B36E18AF80}.RelWithDebInfo|Win32.ActiveCfg = RelWithDebInfo|Win32
		{73ABF676-8684-3476-B682-29B36E18AF80}.RelWithDebInfo|Win32.Build.0 = RelWithDebInfo|Win32
		{AC9D6B22-2ECE-3B7F-B118-B8ADB2DD5C97}.Debug|Win32.ActiveCfg = Debug|Win32
		{AC9D6B22-2ECE-3B7F-B118-B8ADB2DD5C97}.Debug|Win32.Build.0 = Debug|Win32
		{AC9D6B22-2ECE-3B7F-B118-B8ADB2DD5C97}.Release|Win32.ActiveCfg = Release|Win32
		{AC9D6B22-2ECE-3B7F-B118-B8ADB2DD5C97}.Release|Win32.Build.0 = Release|Win32
		{AC9D6B22-2ECE-3B7F-B118-B8ADB2DD5C97}.MinSizeRel|Win32.ActiveCfg = MinSizeRel|Win32
		{AC9D6B22-2ECE-3B7F-B118-B8ADB2DD5C97}.MinSizeRel|Win32.Build.0 = MinSizeRel|Win32
		{AC9D6B22-2ECE-3B7F-B118-B8ADB2DD5C97}.RelWithDebInfo|Win32.ActiveCfg = RelWithDebInfo|Win32
		{AC9D6B22-2ECE-3B7F-B118-B8ADB2DD5C97}.RelWithDebInfo|Win32.Build.0 = RelWithDebInfo|Win32
	EndGlobalSection
	GlobalSection(ExtensibilityGlobals) = postSolution
	EndGlobalSection
	GlobalSection(ExtensibilityAddIns) = postSolution
	EndGlobalSection
EndGlobal
