<?xml version="1.0" encoding="utf-8"?>
<Project ToolsVersion="15.0" xmlns="http://schemas.microsoft.com/developer/msbuild/2003">
  <ItemGroup>
    <ClCompile Include="C:\Users\Administrator\workspace\bobsgame\lib\nanogui-sdl-master\ext\nanovg\nanovg.c">
      <Filter>Source Files</Filter>
    </ClCompile>
    <ClCompile Include="C:\Users\Administrator\workspace\bobsgame\lib\nanogui-sdl-master\nanogui_resources.cpp">
      <Filter>Source Files</Filter>
    </ClCompile>
    <ClCompile Include="C:\Users\Administrator\workspace\bobsgame\lib\nanogui-sdl-master\src\serializer.cpp">
      <Filter>Source Files</Filter>
    </ClCompile>
    <ClCompile Include="C:\Users\Administrator\workspace\bobsgame\lib\nanogui-sdl-master\src\common.cpp">
      <Filter>Source Files</Filter>
    </ClCompile>
    <ClCompile Include="C:\Users\Administrator\workspace\bobsgame\lib\nanogui-sdl-master\src\widget.cpp">
      <Filter>Source Files</Filter>
    </ClCompile>
    <ClCompile Include="C:\Users\Administrator\workspace\bobsgame\lib\nanogui-sdl-master\src\theme.cpp">
      <Filter>Source Files</Filter>
    </ClCompile>
    <ClCompile Include="C:\Users\Administrator\workspace\bobsgame\lib\nanogui-sdl-master\src\layout.cpp">
      <Filter>Source Files</Filter>
    </ClCompile>
    <ClCompile Include="C:\Users\Administrator\workspace\bobsgame\lib\nanogui-sdl-master\src\screen.cpp">
      <Filter>Source Files</Filter>
    </ClCompile>
    <ClCompile Include="C:\Users\Administrator\workspace\bobsgame\lib\nanogui-sdl-master\src\label.cpp">
      <Filter>Source Files</Filter>
    </ClCompile>
    <ClCompile Include="C:\Users\Administrator\workspace\bobsgame\lib\nanogui-sdl-master\src\window.cpp">
      <Filter>Source Files</Filter>
    </ClCompile>
    <ClCompile Include="C:\Users\Administrator\workspace\bobsgame\lib\nanogui-sdl-master\src\popup.cpp">
      <Filter>Source Files</Filter>
    </ClCompile>
    <ClCompile Include="C:\Users\Administrator\workspace\bobsgame\lib\nanogui-sdl-master\src\checkbox.cpp">
      <Filter>Source Files</Filter>
    </ClCompile>
    <ClCompile Include="C:\Users\Administrator\workspace\bobsgame\lib\nanogui-sdl-master\src\button.cpp">
      <Filter>Source Files</Filter>
    </ClCompile>
    <ClCompile Include="C:\Users\Administrator\workspace\bobsgame\lib\nanogui-sdl-master\src\popupbutton.cpp">
      <Filter>Source Files</Filter>
    </ClCompile>
    <ClCompile Include="C:\Users\Administrator\workspace\bobsgame\lib\nanogui-sdl-master\src\combobox.cpp">
      <Filter>Source Files</Filter>
    </ClCompile>
    <ClCompile Include="C:\Users\Administrator\workspace\bobsgame\lib\nanogui-sdl-master\src\progressbar.cpp">
      <Filter>Source Files</Filter>
    </ClCompile>
    <ClCompile Include="C:\Users\Administrator\workspace\bobsgame\lib\nanogui-sdl-master\src\slider.cpp">
      <Filter>Source Files</Filter>
    </ClCompile>
    <ClCompile Include="C:\Users\Administrator\workspace\bobsgame\lib\nanogui-sdl-master\src\messagedialog.cpp">
      <Filter>Source Files</Filter>
    </ClCompile>
    <ClCompile Include="C:\Users\Administrator\workspace\bobsgame\lib\nanogui-sdl-master\src\textbox.cpp">
      <Filter>Source Files</Filter>
    </ClCompile>
    <ClCompile Include="C:\Users\Administrator\workspace\bobsgame\lib\nanogui-sdl-master\src\imagepanel.cpp">
      <Filter>Source Files</Filter>
    </ClCompile>
    <ClCompile Include="C:\Users\Administrator\workspace\bobsgame\lib\nanogui-sdl-master\src\imageview.cpp">
      <Filter>Source Files</Filter>
    </ClCompile>
    <ClCompile Include="C:\Users\Administrator\workspace\bobsgame\lib\nanogui-sdl-master\src\vscrollpanel.cpp">
      <Filter>Source Files</Filter>
    </ClCompile>
    <ClCompile Include="C:\Users\Administrator\workspace\bobsgame\lib\nanogui-sdl-master\src\colorwheel.cpp">
      <Filter>Source Files</Filter>
    </ClCompile>
    <ClCompile Include="C:\Users\Administrator\workspace\bobsgame\lib\nanogui-sdl-master\src\colorpicker.cpp">
      <Filter>Source Files</Filter>
    </ClCompile>
    <ClCompile Include="C:\Users\Administrator\workspace\bobsgame\lib\nanogui-sdl-master\src\graph.cpp">
      <Filter>Source Files</Filter>
    </ClCompile>
    <ClCompile Include="C:\Users\Administrator\workspace\bobsgame\lib\nanogui-sdl-master\src\glutil.cpp">
      <Filter>Source Files</Filter>
    </ClCompile>
    <ClCompile Include="C:\Users\Administrator\workspace\bobsgame\lib\nanogui-sdl-master\src\tabheader.cpp">
      <Filter>Source Files</Filter>
    </ClCompile>
    <ClCompile Include="C:\Users\Administrator\workspace\bobsgame\lib\nanogui-sdl-master\src\tabwidget.cpp">
      <Filter>Source Files</Filter>
    </ClCompile>
    <ClCompile Include="C:\Users\Administrator\workspace\bobsgame\lib\nanogui-sdl-master\src\stackedwidget.cpp">
      <Filter>Source Files</Filter>
    </ClCompile>
    <ClCompile Include="src\glew-2.0.0\src\glew.c" />
  </ItemGroup>
  <ItemGroup>
    <ClInclude Include="C:\Users\Administrator\workspace\bobsgame\lib\nanogui-sdl-master\include\nanogui\common.h">
      <Filter>Header Files</Filter>
    </ClInclude>
    <ClInclude Include="C:\Users\Administrator\workspace\bobsgame\lib\nanogui-sdl-master\include\nanogui\widget.h">
      <Filter>Header Files</Filter>
    </ClInclude>
    <ClInclude Include="C:\Users\Administrator\workspace\bobsgame\lib\nanogui-sdl-master\include\nanogui\theme.h">
      <Filter>Header Files</Filter>
    </ClInclude>
    <ClInclude Include="C:\Users\Administrator\workspace\bobsgame\lib\nanogui-sdl-master\include\nanogui\layout.h">
      <Filter>Header Files</Filter>
    </ClInclude>
    <ClInclude Include="C:\Users\Administrator\workspace\bobsgame\lib\nanogui-sdl-master\include\nanogui\screen.h">
      <Filter>Header Files</Filter>
    </ClInclude>
    <ClInclude Include="C:\Users\Administrator\workspace\bobsgame\lib\nanogui-sdl-master\include\nanogui\label.h">
      <Filter>Header Files</Filter>
    </ClInclude>
    <ClInclude Include="C:\Users\Administrator\workspace\bobsgame\lib\nanogui-sdl-master\include\nanogui\window.h">
      <Filter>Header Files</Filter>
    </ClInclude>
    <ClInclude Include="C:\Users\Administrator\workspace\bobsgame\lib\nanogui-sdl-master\include\nanogui\popup.h">
      <Filter>Header Files</Filter>
    </ClInclude>
    <ClInclude Include="C:\Users\Administrator\workspace\bobsgame\lib\nanogui-sdl-master\include\nanogui\checkbox.h">
      <Filter>Header Files</Filter>
    </ClInclude>
    <ClInclude Include="C:\Users\Administrator\workspace\bobsgame\lib\nanogui-sdl-master\include\nanogui\button.h">
      <Filter>Header Files</Filter>
    </ClInclude>
    <ClInclude Include="C:\Users\Administrator\workspace\bobsgame\lib\nanogui-sdl-master\include\nanogui\popupbutton.h">
      <Filter>Header Files</Filter>
    </ClInclude>
    <ClInclude Include="C:\Users\Administrator\workspace\bobsgame\lib\nanogui-sdl-master\include\nanogui\combobox.h">
      <Filter>Header Files</Filter>
    </ClInclude>
    <ClInclude Include="C:\Users\Administrator\workspace\bobsgame\lib\nanogui-sdl-master\include\nanogui\progressbar.h">
      <Filter>Header Files</Filter>
    </ClInclude>
    <ClInclude Include="C:\Users\Administrator\workspace\bobsgame\lib\nanogui-sdl-master\include\nanogui\slider.h">
      <Filter>Header Files</Filter>
    </ClInclude>
    <ClInclude Include="C:\Users\Administrator\workspace\bobsgame\lib\nanogui-sdl-master\include\nanogui\messagedialog.h">
      <Filter>Header Files</Filter>
    </ClInclude>
    <ClInclude Include="C:\Users\Administrator\workspace\bobsgame\lib\nanogui-sdl-master\include\nanogui\textbox.h">
      <Filter>Header Files</Filter>
    </ClInclude>
    <ClInclude Include="C:\Users\Administrator\workspace\bobsgame\lib\nanogui-sdl-master\include\nanogui\imagepanel.h">
      <Filter>Header Files</Filter>
    </ClInclude>
    <ClInclude Include="C:\Users\Administrator\workspace\bobsgame\lib\nanogui-sdl-master\include\nanogui\imageview.h">
      <Filter>Header Files</Filter>
    </ClInclude>
    <ClInclude Include="C:\Users\Administrator\workspace\bobsgame\lib\nanogui-sdl-master\include\nanogui\vscrollpanel.h">
      <Filter>Header Files</Filter>
    </ClInclude>
    <ClInclude Include="C:\Users\Administrator\workspace\bobsgame\lib\nanogui-sdl-master\include\nanogui\colorwheel.h">
      <Filter>Header Files</Filter>
    </ClInclude>
    <ClInclude Include="C:\Users\Administrator\workspace\bobsgame\lib\nanogui-sdl-master\include\nanogui\colorpicker.h">
      <Filter>Header Files</Filter>
    </ClInclude>
    <ClInclude Include="C:\Users\Administrator\workspace\bobsgame\lib\nanogui-sdl-master\include\nanogui\graph.h">
      <Filter>Header Files</Filter>
    </ClInclude>
    <ClInclude Include="C:\Users\Administrator\workspace\bobsgame\lib\nanogui-sdl-master\include\nanogui\glutil.h">
      <Filter>Header Files</Filter>
    </ClInclude>
    <ClInclude Include="C:\Users\Administrator\workspace\bobsgame\lib\nanogui-sdl-master\include\nanogui\tabheader.h">
      <Filter>Header Files</Filter>
    </ClInclude>
    <ClInclude Include="C:\Users\Administrator\workspace\bobsgame\lib\nanogui-sdl-master\include\nanogui\tabwidget.h">
      <Filter>Header Files</Filter>
    </ClInclude>
    <ClInclude Include="C:\Users\Administrator\workspace\bobsgame\lib\nanogui-sdl-master\include\nanogui\stackedwidget.h">
      <Filter>Header Files</Filter>
    </ClInclude>
    <ClInclude Include="C:\Users\Administrator\workspace\bobsgame\lib\nanogui-sdl-master\include\nanogui\formhelper.h">
      <Filter>Header Files</Filter>
    </ClInclude>
    <ClInclude Include="C:\Users\Administrator\workspace\bobsgame\lib\nanogui-sdl-master\include\nanogui\toolbutton.h">
      <Filter>Header Files</Filter>
    </ClInclude>
    <ClInclude Include="C:\Users\Administrator\workspace\bobsgame\lib\nanogui-sdl-master\include\nanogui\opengl.h">
      <Filter>Header Files</Filter>
    </ClInclude>
    <ClInclude Include="C:\Users\Administrator\workspace\bobsgame\lib\nanogui-sdl-master\include\nanogui\nanogui.h">
      <Filter>Header Files</Filter>
    </ClInclude>
  </ItemGroup>
  <ItemGroup>
    <CustomBuild Include="C:\Users\Administrator\workspace\bobsgame\lib\nanogui-sdl-master\CMakeLists.txt" />
    <CustomBuild Include="C:\Users\Administrator\workspace\bobsgame\lib\nanogui-sdl-master\CMakeFiles\98a45c62a9e622d2b37c278bdd9afb79\nanogui_resources.cpp.rule">
      <Filter>CMake Rules</Filter>
    </CustomBuild>
  </ItemGroup>
  <ItemGroup>
    <Filter Include="Source Files">
      <UniqueIdentifier>{09565922-8FDB-3596-804C-6D3B0A8ADA53}</UniqueIdentifier>
    </Filter>
    <Filter Include="Header Files">
      <UniqueIdentifier>{56D03686-0A9B-3D03-9EDB-0F2FFA417792}</UniqueIdentifier>
    </Filter>
    <Filter Include="CMake Rules">
      <UniqueIdentifier>{02191100-4D99-31C9-B373-67961E4B26B9}</UniqueIdentifier>
    </Filter>
  </ItemGroup>
</Project>