
Microsoft Visual Studio Solution File, Format Version 12.00
# Visual Studio 15
VisualStudioVersion = 15.0.28307.1831
MinimumVisualStudioVersion = 10.0.40219.1
Project("{8BC9CEB8-8B4A-11D0-8D11-00A0C91BC942}") = "GWEN-DLL", "GWEN-DLL.vcxproj", "{7F116229-D91F-E248-9207-35864C0FDB33}"
EndProject
Project("{8BC9CEB8-8B4A-11D0-8D11-00A0C91BC942}") = "GWEN-Static", "GWEN-Static.vcxproj", "{05371D17-42DF-9B46-8FD3-438414A34753}"
EndProject
Project("{8BC9CEB8-8B4A-11D0-8D11-00A0C91BC942}") = "UnitTest", "UnitTest.vcxproj", "{AC9C0EF2-6325-744A-BBCE-14A29D270BC9}"
EndProject
Project("{8BC9CEB8-8B4A-11D0-8D11-00A0C91BC942}") = "Renderer-OpenGL", "Renderer-OpenGL.vcxproj", "{8A5D48E5-180E-7241-A345-2DAB9BE5B05C}"
EndProject
Project("{8BC9CEB8-8B4A-11D0-8D11-00A0C91BC942}") = "Renderer-OpenGL_DebugFont", "Renderer-OpenGL_DebugFont.vcxproj", "{17DA25B3-D0A3-C847-B464-98255B8CA351}"
EndProject
Project("{8BC9CEB8-8B4A-11D0-8D11-00A0C91BC942}") = "Renderer-OpenGL_TruetypeFont", "Renderer-OpenGL_TruetypeFont.vcxproj", "{1F944B83-571C-4FFB-BD61-6AF3C4500949}"
EndProject
Project("{8BC9CEB8-8B4A-11D0-8D11-00A0C91BC942}") = "Renderer-SFML", "Renderer-SFML.vcxproj", "{A8061BE5-9592-B04F-9654-D9C71DBE393E}"
EndProject
Project("{8BC9CEB8-8B4A-11D0-8D11-00A0C91BC942}") = "Renderer-SFML2", "Renderer-SFML2.vcxproj", "{CAEB4068-33C9-3741-8986-C824290EDDF1}"
EndProject
Project("{8BC9CEB8-8B4A-11D0-8D11-00A0C91BC942}") = "Renderer-Allegro", "Renderer-Allegro.vcxproj", "{EF72CBFF-9620-8845-9EE3-AFFE2DE03DBF}"
EndProject
Project("{8BC9CEB8-8B4A-11D0-8D11-00A0C91BC942}") = "Renderer-DirectX9", "Renderer-DirectX9.vcxproj", "{6C765DB6-78B6-FC49-8DD4-2CE50A33DA2C}"
EndProject
Project("{8BC9CEB8-8B4A-11D0-8D11-00A0C91BC942}") = "Renderer-Direct2D", "Renderer-Direct2D.vcxproj", "{7A6F6489-54C3-8349-8892-43AD6160D5CE}"
EndProject
Project("{8BC9CEB8-8B4A-11D0-8D11-00A0C91BC942}") = "Renderer-GDI", "Renderer-GDI.vcxproj", "{BFC12980-8EB5-8E43-90B2-671E6F4836F1}"
EndProject
Project("{8BC9CEB8-8B4A-11D0-8D11-00A0C91BC942}") = "Sample-CrossPlatform", "Sample-CrossPlatform.vcxproj", "{29558179-D7AC-4148-A658-4746FFDDEE7E}"
	ProjectSection(ProjectDependencies) = postProject
		{AC9C0EF2-6325-744A-BBCE-14A29D270BC9} = {AC9C0EF2-6325-744A-BBCE-14A29D270BC9}
		{17DA25B3-D0A3-C847-B464-98255B8CA351} = {17DA25B3-D0A3-C847-B464-98255B8CA351}
		{05371D17-42DF-9B46-8FD3-438414A34753} = {05371D17-42DF-9B46-8FD3-438414A34753}
	EndProjectSection
EndProject
Project("{8BC9CEB8-8B4A-11D0-8D11-00A0C91BC942}") = "Sample-SFML", "Sample-SFML.vcxproj", "{13083A94-549C-0249-8092-E4183CBC6769}"
	ProjectSection(ProjectDependencies) = postProject
		{AC9C0EF2-6325-744A-BBCE-14A29D270BC9} = {AC9C0EF2-6325-744A-BBCE-14A29D270BC9}
		{A8061BE5-9592-B04F-9654-D9C71DBE393E} = {A8061BE5-9592-B04F-9654-D9C71DBE393E}
		{05371D17-42DF-9B46-8FD3-438414A34753} = {05371D17-42DF-9B46-8FD3-438414A34753}
	EndProjectSection
EndProject
Project("{8BC9CEB8-8B4A-11D0-8D11-00A0C91BC942}") = "Sample-SFML2", "Sample-SFML2.vcxproj", "{40087509-7195-3E49-8F17-E1F288354455}"
	ProjectSection(ProjectDependencies) = postProject
		{AC9C0EF2-6325-744A-BBCE-14A29D270BC9} = {AC9C0EF2-6325-744A-BBCE-14A29D270BC9}
		{CAEB4068-33C9-3741-8986-C824290EDDF1} = {CAEB4068-33C9-3741-8986-C824290EDDF1}
		{05371D17-42DF-9B46-8FD3-438414A34753} = {05371D17-42DF-9B46-8FD3-438414A34753}
	EndProjectSection
EndProject
Project("{8BC9CEB8-8B4A-11D0-8D11-00A0C91BC942}") = "Sample-Allegro", "Sample-Allegro.vcxproj", "{7426A1D1-98DC-174D-9213-08D36E3F5A2F}"
	ProjectSection(ProjectDependencies) = postProject
		{AC9C0EF2-6325-744A-BBCE-14A29D270BC9} = {AC9C0EF2-6325-744A-BBCE-14A29D270BC9}
		{EF72CBFF-9620-8845-9EE3-AFFE2DE03DBF} = {EF72CBFF-9620-8845-9EE3-AFFE2DE03DBF}
		{05371D17-42DF-9B46-8FD3-438414A34753} = {05371D17-42DF-9B46-8FD3-438414A34753}
	EndProjectSection
EndProject
Project("{8BC9CEB8-8B4A-11D0-8D11-00A0C91BC942}") = "Sample-Direct2D", "Sample-Direct2D.vcxproj", "{1355133C-40B1-894F-90E0-E113D62B06B1}"
	ProjectSection(ProjectDependencies) = postProject
		{AC9C0EF2-6325-744A-BBCE-14A29D270BC9} = {AC9C0EF2-6325-744A-BBCE-14A29D270BC9}
		{7A6F6489-54C3-8349-8892-43AD6160D5CE} = {7A6F6489-54C3-8349-8892-43AD6160D5CE}
		{05371D17-42DF-9B46-8FD3-438414A34753} = {05371D17-42DF-9B46-8FD3-438414A34753}
	EndProjectSection
EndProject
Project("{8BC9CEB8-8B4A-11D0-8D11-00A0C91BC942}") = "Sample-DirectX9", "Sample-DirectX9.vcxproj", "{F4766EFB-CCDB-A844-AEC4-2565FA3888C3}"
	ProjectSection(ProjectDependencies) = postProject
		{AC9C0EF2-6325-744A-BBCE-14A29D270BC9} = {AC9C0EF2-6325-744A-BBCE-14A29D270BC9}
		{6C765DB6-78B6-FC49-8DD4-2CE50A33DA2C} = {6C765DB6-78B6-FC49-8DD4-2CE50A33DA2C}
		{05371D17-42DF-9B46-8FD3-438414A34753} = {05371D17-42DF-9B46-8FD3-438414A34753}
	EndProjectSection
EndProject
Project("{8BC9CEB8-8B4A-11D0-8D11-00A0C91BC942}") = "Sample-WindowsGDI", "Sample-WindowsGDI.vcxproj", "{169BE5D9-3B64-4F4C-9FE2-EBBB15B2E840}"
	ProjectSection(ProjectDependencies) = postProject
		{AC9C0EF2-6325-744A-BBCE-14A29D270BC9} = {AC9C0EF2-6325-744A-BBCE-14A29D270BC9}
		{BFC12980-8EB5-8E43-90B2-671E6F4836F1} = {BFC12980-8EB5-8E43-90B2-671E6F4836F1}
		{05371D17-42DF-9B46-8FD3-438414A34753} = {05371D17-42DF-9B46-8FD3-438414A34753}
	EndProjectSection
EndProject
Project("{8BC9CEB8-8B4A-11D0-8D11-00A0C91BC942}") = "Sample-OpenGL", "Sample-OpenGL.vcxproj", "{563AAE44-01CE-A24A-8AD7-C0C091F4757F}"
	ProjectSection(ProjectDependencies) = postProject
		{AC9C0EF2-6325-744A-BBCE-14A29D270BC9} = {AC9C0EF2-6325-744A-BBCE-14A29D270BC9}
		{8A5D48E5-180E-7241-A345-2DAB9BE5B05C} = {8A5D48E5-180E-7241-A345-2DAB9BE5B05C}
		{05371D17-42DF-9B46-8FD3-438414A34753} = {05371D17-42DF-9B46-8FD3-438414A34753}
	EndProjectSection
EndProject
Project("{8BC9CEB8-8B4A-11D0-8D11-00A0C91BC942}") = "Sample-OpenGL_DebugFont", "Sample-OpenGL_DebugFont.vcxproj", "{D24B5BD8-1595-2948-AEA4-8DDBD8C91CEA}"
	ProjectSection(ProjectDependencies) = postProject
		{AC9C0EF2-6325-744A-BBCE-14A29D270BC9} = {AC9C0EF2-6325-744A-BBCE-14A29D270BC9}
		{17DA25B3-D0A3-C847-B464-98255B8CA351} = {17DA25B3-D0A3-C847-B464-98255B8CA351}
		{05371D17-42DF-9B46-8FD3-438414A34753} = {05371D17-42DF-9B46-8FD3-438414A34753}
	EndProjectSection
EndProject
Project("{8BC9CEB8-8B4A-11D0-8D11-00A0C91BC942}") = "ControlFactory", "ControlFactory.vcxproj", "{D1B0C291-F4A2-B14B-8EF9-5B473C0B4399}"
EndProject
Project("{8BC9CEB8-8B4A-11D0-8D11-00A0C91BC942}") = "ImportExport", "ImportExport.vcxproj", "{42F92637-A896-7348-9432-3EC481D533CC}"
EndProject
Global
	GlobalSection(SolutionConfigurationPlatforms) = preSolution
		Debug|Win32 = Debug|Win32
		Debug|x64 = Debug|x64
		Release|Win32 = Release|Win32
		Release|x64 = Release|x64
	EndGlobalSection
	GlobalSection(ProjectConfigurationPlatforms) = postSolution
		{7F116229-D91F-E248-9207-35864C0FDB33}.Debug|Win32.ActiveCfg = Debug|Win32
		{7F116229-D91F-E248-9207-35864C0FDB33}.Debug|Win32.Build.0 = Debug|Win32
		{7F116229-D91F-E248-9207-35864C0FDB33}.Debug|x64.ActiveCfg = Debug|Win32
		{7F116229-D91F-E248-9207-35864C0FDB33}.Release|Win32.ActiveCfg = Release|Win32
		{7F116229-D91F-E248-9207-35864C0FDB33}.Release|Win32.Build.0 = Release|Win32
		{7F116229-D91F-E248-9207-35864C0FDB33}.Release|x64.ActiveCfg = Release|Win32
		{05371D17-42DF-9B46-8FD3-438414A34753}.Debug|Win32.ActiveCfg = Debug|Win32
		{05371D17-42DF-9B46-8FD3-438414A34753}.Debug|Win32.Build.0 = Debug|Win32
		{05371D17-42DF-9B46-8FD3-438414A34753}.Debug|x64.ActiveCfg = Debug|Win32
		{05371D17-42DF-9B46-8FD3-438414A34753}.Release|Win32.ActiveCfg = Release|Win32
		{05371D17-42DF-9B46-8FD3-438414A34753}.Release|Win32.Build.0 = Release|Win32
		{05371D17-42DF-9B46-8FD3-438414A34753}.Release|x64.ActiveCfg = Release|Win32
		{AC9C0EF2-6325-744A-BBCE-14A29D270BC9}.Debug|Win32.ActiveCfg = Debug|Win32
		{AC9C0EF2-6325-744A-BBCE-14A29D270BC9}.Debug|Win32.Build.0 = Debug|Win32
		{AC9C0EF2-6325-744A-BBCE-14A29D270BC9}.Debug|x64.ActiveCfg = Debug|Win32
		{AC9C0EF2-6325-744A-BBCE-14A29D270BC9}.Release|Win32.ActiveCfg = Release|Win32
		{AC9C0EF2-6325-744A-BBCE-14A29D270BC9}.Release|Win32.Build.0 = Release|Win32
		{AC9C0EF2-6325-744A-BBCE-14A29D270BC9}.Release|x64.ActiveCfg = Release|Win32
		{8A5D48E5-180E-7241-A345-2DAB9BE5B05C}.Debug|Win32.ActiveCfg = Debug|Win32
		{8A5D48E5-180E-7241-A345-2DAB9BE5B05C}.Debug|Win32.Build.0 = Debug|Win32
		{8A5D48E5-180E-7241-A345-2DAB9BE5B05C}.Debug|x64.ActiveCfg = Debug|Win32
		{8A5D48E5-180E-7241-A345-2DAB9BE5B05C}.Release|Win32.ActiveCfg = Release|Win32
		{8A5D48E5-180E-7241-A345-2DAB9BE5B05C}.Release|Win32.Build.0 = Release|Win32
		{8A5D48E5-180E-7241-A345-2DAB9BE5B05C}.Release|x64.ActiveCfg = Release|Win32
		{17DA25B3-D0A3-C847-B464-98255B8CA351}.Debug|Win32.ActiveCfg = Debug|Win32
		{17DA25B3-D0A3-C847-B464-98255B8CA351}.Debug|Win32.Build.0 = Debug|Win32
		{17DA25B3-D0A3-C847-B464-98255B8CA351}.Debug|x64.ActiveCfg = Debug|Win32
		{17DA25B3-D0A3-C847-B464-98255B8CA351}.Release|Win32.ActiveCfg = Release|Win32
		{17DA25B3-D0A3-C847-B464-98255B8CA351}.Release|Win32.Build.0 = Release|Win32
		{17DA25B3-D0A3-C847-B464-98255B8CA351}.Release|x64.ActiveCfg = Release|Win32
		{A8061BE5-9592-B04F-9654-D9C71DBE393E}.Debug|Win32.ActiveCfg = Debug|Win32
		{A8061BE5-9592-B04F-9654-D9C71DBE393E}.Debug|Win32.Build.0 = Debug|Win32
		{A8061BE5-9592-B04F-9654-D9C71DBE393E}.Debug|x64.ActiveCfg = Debug|Win32
		{A8061BE5-9592-B04F-9654-D9C71DBE393E}.Release|Win32.ActiveCfg = Release|Win32
		{A8061BE5-9592-B04F-9654-D9C71DBE393E}.Release|Win32.Build.0 = Release|Win32
		{A8061BE5-9592-B04F-9654-D9C71DBE393E}.Release|x64.ActiveCfg = Release|Win32
		{CAEB4068-33C9-3741-8986-C824290EDDF1}.Debug|Win32.ActiveCfg = Debug|Win32
		{CAEB4068-33C9-3741-8986-C824290EDDF1}.Debug|Win32.Build.0 = Debug|Win32
		{CAEB4068-33C9-3741-8986-C824290EDDF1}.Debug|x64.ActiveCfg = Debug|Win32
		{CAEB4068-33C9-3741-8986-C824290EDDF1}.Release|Win32.ActiveCfg = Release|Win32
		{CAEB4068-33C9-3741-8986-C824290EDDF1}.Release|Win32.Build.0 = Release|Win32
		{CAEB4068-33C9-3741-8986-C824290EDDF1}.Release|x64.ActiveCfg = Release|Win32
		{EF72CBFF-9620-8845-9EE3-AFFE2DE03DBF}.Debug|Win32.ActiveCfg = Debug|Win32
		{EF72CBFF-9620-8845-9EE3-AFFE2DE03DBF}.Debug|Win32.Build.0 = Debug|Win32
		{EF72CBFF-9620-8845-9EE3-AFFE2DE03DBF}.Debug|x64.ActiveCfg = Debug|Win32
		{EF72CBFF-9620-8845-9EE3-AFFE2DE03DBF}.Release|Win32.ActiveCfg = Release|Win32
		{EF72CBFF-9620-8845-9EE3-AFFE2DE03DBF}.Release|Win32.Build.0 = Release|Win32
		{EF72CBFF-9620-8845-9EE3-AFFE2DE03DBF}.Release|x64.ActiveCfg = Release|Win32
		{6C765DB6-78B6-FC49-8DD4-2CE50A33DA2C}.Debug|Win32.ActiveCfg = Debug|Win32
		{6C765DB6-78B6-FC49-8DD4-2CE50A33DA2C}.Debug|Win32.Build.0 = Debug|Win32
		{6C765DB6-78B6-FC49-8DD4-2CE50A33DA2C}.Debug|x64.ActiveCfg = Debug|Win32
		{6C765DB6-78B6-FC49-8DD4-2CE50A33DA2C}.Release|Win32.ActiveCfg = Release|Win32
		{6C765DB6-78B6-FC49-8DD4-2CE50A33DA2C}.Release|Win32.Build.0 = Release|Win32
		{6C765DB6-78B6-FC49-8DD4-2CE50A33DA2C}.Release|x64.ActiveCfg = Release|Win32
		{7A6F6489-54C3-8349-8892-43AD6160D5CE}.Debug|Win32.ActiveCfg = Debug|Win32
		{7A6F6489-54C3-8349-8892-43AD6160D5CE}.Debug|Win32.Build.0 = Debug|Win32
		{7A6F6489-54C3-8349-8892-43AD6160D5CE}.Debug|x64.ActiveCfg = Debug|Win32
		{7A6F6489-54C3-8349-8892-43AD6160D5CE}.Release|Win32.ActiveCfg = Release|Win32
		{7A6F6489-54C3-8349-8892-43AD6160D5CE}.Release|Win32.Build.0 = Release|Win32
		{7A6F6489-54C3-8349-8892-43AD6160D5CE}.Release|x64.ActiveCfg = Release|Win32
		{BFC12980-8EB5-8E43-90B2-671E6F4836F1}.Debug|Win32.ActiveCfg = Debug|Win32
		{BFC12980-8EB5-8E43-90B2-671E6F4836F1}.Debug|Win32.Build.0 = Debug|Win32
		{BFC12980-8EB5-8E43-90B2-671E6F4836F1}.Debug|x64.ActiveCfg = Debug|Win32
		{BFC12980-8EB5-8E43-90B2-671E6F4836F1}.Release|Win32.ActiveCfg = Release|Win32
		{BFC12980-8EB5-8E43-90B2-671E6F4836F1}.Release|Win32.Build.0 = Release|Win32
		{BFC12980-8EB5-8E43-90B2-671E6F4836F1}.Release|x64.ActiveCfg = Release|Win32
		{29558179-D7AC-4148-A658-4746FFDDEE7E}.Debug|Win32.ActiveCfg = Debug|Win32
		{29558179-D7AC-4148-A658-4746FFDDEE7E}.Debug|Win32.Build.0 = Debug|Win32
		{29558179-D7AC-4148-A658-4746FFDDEE7E}.Debug|x64.ActiveCfg = Debug|Win32
		{29558179-D7AC-4148-A658-4746FFDDEE7E}.Release|Win32.ActiveCfg = Release|Win32
		{29558179-D7AC-4148-A658-4746FFDDEE7E}.Release|Win32.Build.0 = Release|Win32
		{29558179-D7AC-4148-A658-4746FFDDEE7E}.Release|x64.ActiveCfg = Release|Win32
		{13083A94-549C-0249-8092-E4183CBC6769}.Debug|Win32.ActiveCfg = Debug|Win32
		{13083A94-549C-0249-8092-E4183CBC6769}.Debug|Win32.Build.0 = Debug|Win32
		{13083A94-549C-0249-8092-E4183CBC6769}.Debug|x64.ActiveCfg = Debug|Win32
		{13083A94-549C-0249-8092-E4183CBC6769}.Release|Win32.ActiveCfg = Release|Win32
		{13083A94-549C-0249-8092-E4183CBC6769}.Release|Win32.Build.0 = Release|Win32
		{13083A94-549C-0249-8092-E4183CBC6769}.Release|x64.ActiveCfg = Release|Win32
		{40087509-7195-3E49-8F17-E1F288354455}.Debug|Win32.ActiveCfg = Debug|Win32
		{40087509-7195-3E49-8F17-E1F288354455}.Debug|Win32.Build.0 = Debug|Win32
		{40087509-7195-3E49-8F17-E1F288354455}.Debug|x64.ActiveCfg = Debug|Win32
		{40087509-7195-3E49-8F17-E1F288354455}.Release|Win32.ActiveCfg = Release|Win32
		{40087509-7195-3E49-8F17-E1F288354455}.Release|Win32.Build.0 = Release|Win32
		{40087509-7195-3E49-8F17-E1F288354455}.Release|x64.ActiveCfg = Release|Win32
		{7426A1D1-98DC-174D-9213-08D36E3F5A2F}.Debug|Win32.ActiveCfg = Debug|Win32
		{7426A1D1-98DC-174D-9213-08D36E3F5A2F}.Debug|Win32.Build.0 = Debug|Win32
		{7426A1D1-98DC-174D-9213-08D36E3F5A2F}.Debug|x64.ActiveCfg = Debug|Win32
		{7426A1D1-98DC-174D-9213-08D36E3F5A2F}.Release|Win32.ActiveCfg = Release|Win32
		{7426A1D1-98DC-174D-9213-08D36E3F5A2F}.Release|Win32.Build.0 = Release|Win32
		{7426A1D1-98DC-174D-9213-08D36E3F5A2F}.Release|x64.ActiveCfg = Release|Win32
		{1355133C-40B1-894F-90E0-E113D62B06B1}.Debug|Win32.ActiveCfg = Debug|Win32
		{1355133C-40B1-894F-90E0-E113D62B06B1}.Debug|Win32.Build.0 = Debug|Win32
		{1355133C-40B1-894F-90E0-E113D62B06B1}.Debug|x64.ActiveCfg = Debug|Win32
		{1355133C-40B1-894F-90E0-E113D62B06B1}.Release|Win32.ActiveCfg = Release|Win32
		{1355133C-40B1-894F-90E0-E113D62B06B1}.Release|Win32.Build.0 = Release|Win32
		{1355133C-40B1-894F-90E0-E113D62B06B1}.Release|x64.ActiveCfg = Release|Win32
		{F4766EFB-CCDB-A844-AEC4-2565FA3888C3}.Debug|Win32.ActiveCfg = Debug|Win32
		{F4766EFB-CCDB-A844-AEC4-2565FA3888C3}.Debug|Win32.Build.0 = Debug|Win32
		{F4766EFB-CCDB-A844-AEC4-2565FA3888C3}.Debug|x64.ActiveCfg = Debug|Win32
		{F4766EFB-CCDB-A844-AEC4-2565FA3888C3}.Release|Win32.ActiveCfg = Release|Win32
		{F4766EFB-CCDB-A844-AEC4-2565FA3888C3}.Release|Win32.Build.0 = Release|Win32
		{F4766EFB-CCDB-A844-AEC4-2565FA3888C3}.Release|x64.ActiveCfg = Release|Win32
		{169BE5D9-3B64-4F4C-9FE2-EBBB15B2E840}.Debug|Win32.ActiveCfg = Debug|Win32
		{169BE5D9-3B64-4F4C-9FE2-EBBB15B2E840}.Debug|Win32.Build.0 = Debug|Win32
		{169BE5D9-3B64-4F4C-9FE2-EBBB15B2E840}.Debug|x64.ActiveCfg = Debug|Win32
		{169BE5D9-3B64-4F4C-9FE2-EBBB15B2E840}.Release|Win32.ActiveCfg = Release|Win32
		{169BE5D9-3B64-4F4C-9FE2-EBBB15B2E840}.Release|Win32.Build.0 = Release|Win32
		{169BE5D9-3B64-4F4C-9FE2-EBBB15B2E840}.Release|x64.ActiveCfg = Release|Win32
		{563AAE44-01CE-A24A-8AD7-C0C091F4757F}.Debug|Win32.ActiveCfg = Debug|Win32
		{563AAE44-01CE-A24A-8AD7-C0C091F4757F}.Debug|Win32.Build.0 = Debug|Win32
		{563AAE44-01CE-A24A-8AD7-C0C091F4757F}.Debug|x64.ActiveCfg = Debug|Win32
		{563AAE44-01CE-A24A-8AD7-C0C091F4757F}.Release|Win32.ActiveCfg = Release|Win32
		{563AAE44-01CE-A24A-8AD7-C0C091F4757F}.Release|Win32.Build.0 = Release|Win32
		{563AAE44-01CE-A24A-8AD7-C0C091F4757F}.Release|x64.ActiveCfg = Release|Win32
		{D24B5BD8-1595-2948-AEA4-8DDBD8C91CEA}.Debug|Win32.ActiveCfg = Debug|Win32
		{D24B5BD8-1595-2948-AEA4-8DDBD8C91CEA}.Debug|Win32.Build.0 = Debug|Win32
		{D24B5BD8-1595-2948-AEA4-8DDBD8C91CEA}.Debug|x64.ActiveCfg = Debug|Win32
		{D24B5BD8-1595-2948-AEA4-8DDBD8C91CEA}.Release|Win32.ActiveCfg = Release|Win32
		{D24B5BD8-1595-2948-AEA4-8DDBD8C91CEA}.Release|Win32.Build.0 = Release|Win32
		{D24B5BD8-1595-2948-AEA4-8DDBD8C91CEA}.Release|x64.ActiveCfg = Release|Win32
		{D1B0C291-F4A2-B14B-8EF9-5B473C0B4399}.Debug|Win32.ActiveCfg = Debug|Win32
		{D1B0C291-F4A2-B14B-8EF9-5B473C0B4399}.Debug|Win32.Build.0 = Debug|Win32
		{D1B0C291-F4A2-B14B-8EF9-5B473C0B4399}.Debug|x64.ActiveCfg = Debug|Win32
		{D1B0C291-F4A2-B14B-8EF9-5B473C0B4399}.Release|Win32.ActiveCfg = Release|Win32
		{D1B0C291-F4A2-B14B-8EF9-5B473C0B4399}.Release|Win32.Build.0 = Release|Win32
		{D1B0C291-F4A2-B14B-8EF9-5B473C0B4399}.Release|x64.ActiveCfg = Release|Win32
		{42F92637-A896-7348-9432-3EC481D533CC}.Debug|Win32.ActiveCfg = Debug|Win32
		{42F92637-A896-7348-9432-3EC481D533CC}.Debug|Win32.Build.0 = Debug|Win32
		{42F92637-A896-7348-9432-3EC481D533CC}.Debug|x64.ActiveCfg = Debug|Win32
		{42F92637-A896-7348-9432-3EC481D533CC}.Release|Win32.ActiveCfg = Release|Win32
		{42F92637-A896-7348-9432-3EC481D533CC}.Release|Win32.Build.0 = Release|Win32
		{42F92637-A896-7348-9432-3EC481D533CC}.Release|x64.ActiveCfg = Release|Win32
	EndGlobalSection
	GlobalSection(SolutionProperties) = preSolution
		HideSolutionNode = FALSE
	EndGlobalSection
	GlobalSection(ExtensibilityGlobals) = postSolution
		SolutionGuid = {2B347D8F-ABAB-4D34-9BD1-22E1B9FFD58D}
	EndGlobalSection
EndGlobal
