<?xml version="1.0" encoding="utf-8"?>
<Project ToolsVersion="4.0" xmlns="http://schemas.microsoft.com/developer/msbuild/2003">
  <ItemGroup>
    <Filter Include="Renderers">
      <UniqueIdentifier>{3C86C3D6-3C55-3449-844C-6F851E4E71EF}</UniqueIdentifier>
    </Filter>
    <Filter Include="Renderers\OpenGL">
      <UniqueIdentifier>{3B27FD1C-1B34-744D-8444-CF9D9BA944E2}</UniqueIdentifier>
    </Filter>
  </ItemGroup>
  <ItemGroup>
    <ClCompile Include="..\..\..\Renderers\OpenGL\OpenGL.cpp">
      <Filter>Renderers\OpenGL</Filter>
    </ClCompile>
  </ItemGroup>
</Project>
